{
  "version": 4,
  "terraform_version": "1.9.7",
  "serial": 191,
  "lineage": "70ba772f-ce45-8f1d-39e4-8888922ad4b4",
  "outputs": {
    "jenkins_server_public_ip": {
      "value": "18.143.171.49",
      "type": "string"
    },
    "ssh_connection_for_jenkins": {
      "value": "ssh -i C:/Users/jmx/.ssh/nexchange_jenkins ubuntu@18.143.171.49",
      "type": "string"
    },
    "vpc_id": {
      "value": "vpc-0ba00ae94c7bef3c4",
      "type": "string"
    }
  },
  "resources": [
    {
      "module": "module.eks",
      "mode": "data",
      "type": "aws_caller_identity",
      "name": "current",
      "provider": "provider[\"registry.terraform.io/hashicorp/aws\"]",
      "instances": [
        {
          "schema_version": 0,
          "attributes": {
            "account_id": "654654583337",
            "arn": "arn:aws:iam::654654583337:user/Admin",
            "id": "654654583337",
            "user_id": "AIDAZQ3DUGIUQ26XBBOXS"
          },
          "sensitive_attributes": []
        }
      ]
    },
    {
      "module": "module.eks",
      "mode": "managed",
      "type": "aws_eks_cluster",
      "name": "NexChange_dev_eks_cluster",
      "provider": "provider[\"registry.terraform.io/hashicorp/aws\"]",
      "instances": [
        {
          "schema_version": 1,
          "attributes": {
            "access_config": [
              {
                "authentication_mode": "API_AND_CONFIG_MAP",
                "bootstrap_cluster_creator_admin_permissions": true
              }
            ],
            "arn": "arn:aws:eks:ap-southeast-1:654654583337:cluster/NexChange-EKS-Cluster",
            "bootstrap_self_managed_addons": true,
            "certificate_authority": [
              {
                "data": "LS0tLS1CRUdJTiBDRVJUSUZJQ0FURS0tLS0tCk1JSURCVENDQWUyZ0F3SUJBZ0lJSEFqSWErcmhhOVV3RFFZSktvWklodmNOQVFFTEJRQXdGVEVUTUJFR0ExVUUKQXhNS2EzVmlaWEp1WlhSbGN6QWVGdzB5TkRFd01UVXdOekk1TURCYUZ3MHpOREV3TVRNd056TTBNREJhTUJVeApFekFSQmdOVkJBTVRDbXQxWW1WeWJtVjBaWE13Z2dFaU1BMEdDU3FHU0liM0RRRUJBUVVBQTRJQkR3QXdnZ0VLCkFvSUJBUUNadXJZSW9jUEhTbDhwUFRZNTg3RTdHcStIZDlmWFN0UklUam5GOExQSXB0Rmh6M1ZwMzg3MVVyZGQKYVlaRlVScGVWTEtEanBLMXB2SCtLQkNkSG4vWGlHQ1dwb3ZUR1ZwVjlVQmZGQlZkZXFrUUJ6QktOdENoT1hvRwo5TXppZ29XbUtnd3dlV2JUZFVFUzlLditzaTdkUXVPeFJLZEh5TzBwUjRmWHNNRVIxN3VWS09BTTFHbkJBK05ICjIxQkgraUhwekxyNVpJbzNBekJzNHl5YVBJMThoN3VRTzRUaTRwNmdlQ2xraVBTMnVTRzRxTFlXSGVUN0RCY1YKd2lWRno4c1pEcFM3VHZkODg0QXBRVFRJdmJnN2F0OHRUZnBsNWFCWmVzZU1OWFc4b3QzeDd3N3ltNEtKUmVxMgpXVFFkcUttWmZKcFE5ZEtDMkxQbnB3WUZ0MWxyQWdNQkFBR2pXVEJYTUE0R0ExVWREd0VCL3dRRUF3SUNwREFQCkJnTlZIUk1CQWY4RUJUQURBUUgvTUIwR0ExVWREZ1FXQkJTaHVkaVRJdDVub2lsQ2NvQU9KQi9GMi8rQit6QVYKQmdOVkhSRUVEakFNZ2dwcmRXSmxjbTVsZEdWek1BMEdDU3FHU0liM0RRRUJDd1VBQTRJQkFRQUNwd292MWU0ZwpyamFPc1hUVFFpb3pRYzFFS0s4WjJBekhEdFdHWHUvY0RJRlBFNm5PR1lGK2RxNXFRTnZtam1XUlVNbkFUSmM0CjZuNFBSdFpDSExMUGh5SERFS0QxczhHNDB0TnBQRW4vZDRDaEZYTzh0MWxoWnlNWnhKcE82MVdQMGQxaFkrdVQKeXZIWVRqNHZxMG9pMHl6UlRTREd5UWUyemUyNVFPdFBiS0QvVjZrNW13WmptaTdnT3dzRkEvWEx4TU5RMTdPeQptKzZKem5ZejdmZHZlNzArVlc3c3ZlbHpBV1l3bkdmaWFsczNBZjdxSHhkcHRZNkJ0MC91M2xJUUNKempMOVRtCmFGWmQ0dUo4bkRLb1FheUUyd2hSVnFqalJWdytVWkxVTlg4dHlXbzBxQmJFMWdmS0t5ckI1bXdQV3BySEtLb2sKQ2tVUFpETURuV0RPCi0tLS0tRU5EIENFUlRJRklDQVRFLS0tLS0K"
              }
            ],
            "cluster_id": null,
            "created_at": "2024-10-15T07:29:40Z",
            "enabled_cluster_log_types": [
              "api",
              "audit",
              "authenticator",
              "controllerManager",
              "scheduler"
            ],
            "encryption_config": [],
            "endpoint": "https://AC9C91B6CD33184E5597878BB933D44F.gr7.ap-southeast-1.eks.amazonaws.com",
            "id": "NexChange-EKS-Cluster",
            "identity": [
              {
                "oidc": [
                  {
                    "issuer": "https://oidc.eks.ap-southeast-1.amazonaws.com/id/AC9C91B6CD33184E5597878BB933D44F"
                  }
                ]
              }
            ],
            "kubernetes_network_config": [
              {
                "ip_family": "ipv4",
                "service_ipv4_cidr": "10.100.0.0/16",
                "service_ipv6_cidr": ""
              }
            ],
            "name": "NexChange-EKS-Cluster",
            "outpost_config": [],
            "platform_version": "eks.27",
            "role_arn": "arn:aws:iam::654654583337:role/NexChange_dev_eks_role",
            "status": "ACTIVE",
            "tags": {},
            "tags_all": {},
            "timeouts": null,
            "upgrade_policy": [
              {
                "support_type": "EXTENDED"
              }
            ],
            "version": "1.27",
            "vpc_config": [
              {
                "cluster_security_group_id": "sg-02578a3c83924c30a",
                "endpoint_private_access": true,
                "endpoint_public_access": true,
                "public_access_cidrs": [
                  "0.0.0.0/0"
                ],
                "security_group_ids": [
                  "sg-091335864c025933e",
                  "sg-0b1c211d71d987525"
                ],
                "subnet_ids": [
                  "subnet-06f158a83ee5b4135",
                  "subnet-0cf889e7130c0b2ca"
                ],
                "vpc_id": "vpc-0ba00ae94c7bef3c4"
              }
            ]
          },
          "sensitive_attributes": [],
          "private": "eyJlMmJmYjczMC1lY2FhLTExZTYtOGY4OC0zNDM2M2JjN2M0YzAiOnsiY3JlYXRlIjoxODAwMDAwMDAwMDAwLCJkZWxldGUiOjkwMDAwMDAwMDAwMCwidXBkYXRlIjozNjAwMDAwMDAwMDAwfSwic2NoZW1hX3ZlcnNpb24iOiIxIn0=",
          "dependencies": [
            "module.eks.aws_iam_role.NexChange_dev_eks_role",
            "module.eks.aws_iam_role_policy_attachment.NexChange_dev_eks_cluster_policy",
            "module.eks.aws_iam_role_policy_attachment.NexChange_dev_eks_service_policy",
            "module.eks.aws_security_group.eks_cluster_sg",
            "module.networking.aws_subnet.NexChange_dev_private_subtets",
            "module.networking.aws_vpc.NexChange_dev_vpc_1_sg",
            "module.security_group.aws_security_group.ec2_jenkins_sg_name",
            "module.security_group.aws_security_group.ec2_sg_ssh_http"
          ]
        }
      ]
    },
    {
      "module": "module.eks",
      "mode": "managed",
      "type": "aws_eks_node_group",
      "name": "NexChange_dev_eks_node_group",
      "provider": "provider[\"registry.terraform.io/hashicorp/aws\"]",
      "instances": [
        {
          "schema_version": 0,
          "attributes": {
            "ami_type": "AL2_x86_64",
            "arn": "arn:aws:eks:ap-southeast-1:654654583337:nodegroup/NexChange-EKS-Cluster/NexChange_dev_eks_node_group/f8c947c2-4d6b-f99c-b321-c661ef6ec72f",
            "capacity_type": "ON_DEMAND",
            "cluster_name": "NexChange-EKS-Cluster",
            "disk_size": 20,
            "force_update_version": null,
            "id": "NexChange-EKS-Cluster:NexChange_dev_eks_node_group",
            "instance_types": [
              "t3.medium"
            ],
            "labels": {},
            "launch_template": [],
            "node_group_name": "NexChange_dev_eks_node_group",
            "node_group_name_prefix": "",
            "node_role_arn": "arn:aws:iam::654654583337:role/NexChange_dev_eks_node_role",
            "release_version": "1.27.16-20241011",
            "remote_access": [],
            "resources": [
              {
                "autoscaling_groups": [
                  {
                    "name": "eks-NexChange_dev_eks_node_group-f8c947c2-4d6b-f99c-b321-c661ef6ec72f"
                  }
                ],
                "remote_access_security_group_id": ""
              }
            ],
            "scaling_config": [
              {
                "desired_size": 3,
                "max_size": 5,
                "min_size": 1
              }
            ],
            "status": "ACTIVE",
            "subnet_ids": [
              "subnet-06f158a83ee5b4135",
              "subnet-0cf889e7130c0b2ca"
            ],
            "tags": {},
            "tags_all": {},
            "taint": [],
            "timeouts": null,
            "update_config": [
              {
                "max_unavailable": 1,
                "max_unavailable_percentage": 0
              }
            ],
            "version": "1.27"
          },
          "sensitive_attributes": [],
          "private": "eyJlMmJmYjczMC1lY2FhLTExZTYtOGY4OC0zNDM2M2JjN2M0YzAiOnsiY3JlYXRlIjozNjAwMDAwMDAwMDAwLCJkZWxldGUiOjM2MDAwMDAwMDAwMDAsInVwZGF0ZSI6MzYwMDAwMDAwMDAwMH19",
          "dependencies": [
            "module.eks.aws_eks_cluster.NexChange_dev_eks_cluster",
            "module.eks.aws_iam_role.NexChange_dev_eks_node_role",
            "module.eks.aws_iam_role.NexChange_dev_eks_role",
            "module.eks.aws_iam_role_policy_attachment.NexChange_dev_eks_cluster_policy",
            "module.eks.aws_iam_role_policy_attachment.NexChange_dev_eks_cni_policy",
            "module.eks.aws_iam_role_policy_attachment.NexChange_dev_eks_ecr_policy",
            "module.eks.aws_iam_role_policy_attachment.NexChange_dev_eks_service_policy",
            "module.eks.aws_iam_role_policy_attachment.NexChange_dev_eks_worker_node_policy",
            "module.eks.aws_security_group.eks_cluster_sg",
            "module.networking.aws_subnet.NexChange_dev_private_subtets",
            "module.networking.aws_vpc.NexChange_dev_vpc_1_sg",
            "module.security_group.aws_security_group.ec2_jenkins_sg_name",
            "module.security_group.aws_security_group.ec2_sg_ssh_http"
          ]
        }
      ]
    },
    {
      "module": "module.eks",
      "mode": "managed",
      "type": "aws_iam_role",
      "name": "NexChange_dev_eks_node_role",
      "provider": "provider[\"registry.terraform.io/hashicorp/aws\"]",
      "instances": [
        {
          "schema_version": 0,
          "attributes": {
            "arn": "arn:aws:iam::654654583337:role/NexChange_dev_eks_node_role",
            "assume_role_policy": "{\"Statement\":[{\"Action\":\"sts:AssumeRole\",\"Effect\":\"Allow\",\"Principal\":{\"Service\":\"ec2.amazonaws.com\"}}],\"Version\":\"2012-10-17\"}",
            "create_date": "2024-10-15T09:31:22Z",
            "description": "",
            "force_detach_policies": false,
            "id": "NexChange_dev_eks_node_role",
            "inline_policy": [],
            "managed_policy_arns": [
              "arn:aws:iam::aws:policy/AmazonEC2ContainerRegistryReadOnly",
              "arn:aws:iam::aws:policy/AmazonEKSWorkerNodePolicy",
              "arn:aws:iam::aws:policy/AmazonEKS_CNI_Policy"
            ],
            "max_session_duration": 3600,
            "name": "NexChange_dev_eks_node_role",
            "name_prefix": "",
            "path": "/",
            "permissions_boundary": "",
            "tags": {},
            "tags_all": {},
            "unique_id": "AROAZQ3DUGIU5AFDFAZPD"
          },
          "sensitive_attributes": [],
          "private": "bnVsbA=="
        }
      ]
    },
    {
      "module": "module.eks",
      "mode": "managed",
      "type": "aws_iam_role",
      "name": "NexChange_dev_eks_role",
      "provider": "provider[\"registry.terraform.io/hashicorp/aws\"]",
      "instances": [
        {
          "schema_version": 0,
          "attributes": {
            "arn": "arn:aws:iam::654654583337:role/NexChange_dev_eks_role",
            "assume_role_policy": "{\"Statement\":[{\"Action\":\"sts:AssumeRole\",\"Effect\":\"Allow\",\"Principal\":{\"Service\":\"eks.amazonaws.com\"}}],\"Version\":\"2012-10-17\"}",
            "create_date": "2024-10-15T07:29:36Z",
            "description": "",
            "force_detach_policies": false,
            "id": "NexChange_dev_eks_role",
            "inline_policy": [],
            "managed_policy_arns": [
              "arn:aws:iam::aws:policy/AmazonEKSClusterPolicy",
              "arn:aws:iam::aws:policy/AmazonEKSServicePolicy"
            ],
            "max_session_duration": 3600,
            "name": "NexChange_dev_eks_role",
            "name_prefix": "",
            "path": "/",
            "permissions_boundary": "",
            "tags": {},
            "tags_all": {},
            "unique_id": "AROAZQ3DUGIU4BBIHUW3G"
          },
          "sensitive_attributes": [],
          "private": "bnVsbA=="
        }
      ]
    },
    {
      "module": "module.eks",
      "mode": "managed",
      "type": "aws_iam_role_policy_attachment",
      "name": "NexChange_dev_eks_cluster_policy",
      "provider": "provider[\"registry.terraform.io/hashicorp/aws\"]",
      "instances": [
        {
          "schema_version": 0,
          "attributes": {
            "id": "NexChange_dev_eks_role-20241015092424462900000001",
            "policy_arn": "arn:aws:iam::aws:policy/AmazonEKSClusterPolicy",
            "role": "NexChange_dev_eks_role"
          },
          "sensitive_attributes": [],
          "private": "bnVsbA==",
          "dependencies": [
            "module.eks.aws_iam_role.NexChange_dev_eks_role"
          ]
        }
      ]
    },
    {
      "module": "module.eks",
      "mode": "managed",
      "type": "aws_iam_role_policy_attachment",
      "name": "NexChange_dev_eks_cni_policy",
      "provider": "provider[\"registry.terraform.io/hashicorp/aws\"]",
      "instances": [
        {
          "schema_version": 0,
          "attributes": {
            "id": "NexChange_dev_eks_node_role-20241015093124923300000003",
            "policy_arn": "arn:aws:iam::aws:policy/AmazonEKS_CNI_Policy",
            "role": "NexChange_dev_eks_node_role"
          },
          "sensitive_attributes": [],
          "private": "bnVsbA==",
          "dependencies": [
            "module.eks.aws_iam_role.NexChange_dev_eks_node_role"
          ]
        }
      ]
    },
    {
      "module": "module.eks",
      "mode": "managed",
      "type": "aws_iam_role_policy_attachment",
      "name": "NexChange_dev_eks_ecr_policy",
      "provider": "provider[\"registry.terraform.io/hashicorp/aws\"]",
      "instances": [
        {
          "schema_version": 0,
          "attributes": {
            "id": "NexChange_dev_eks_node_role-20241015093123847900000002",
            "policy_arn": "arn:aws:iam::aws:policy/AmazonEC2ContainerRegistryReadOnly",
            "role": "NexChange_dev_eks_node_role"
          },
          "sensitive_attributes": [],
          "private": "bnVsbA==",
          "dependencies": [
            "module.eks.aws_iam_role.NexChange_dev_eks_node_role"
          ]
        }
      ]
    },
    {
      "module": "module.eks",
      "mode": "managed",
      "type": "aws_iam_role_policy_attachment",
      "name": "NexChange_dev_eks_service_policy",
      "provider": "provider[\"registry.terraform.io/hashicorp/aws\"]",
      "instances": [
        {
          "schema_version": 0,
          "attributes": {
            "id": "NexChange_dev_eks_role-20241015090847283700000002",
            "policy_arn": "arn:aws:iam::aws:policy/AmazonEKSServicePolicy",
            "role": "NexChange_dev_eks_role"
          },
          "sensitive_attributes": [],
          "private": "bnVsbA==",
          "dependencies": [
            "module.eks.aws_iam_role.NexChange_dev_eks_role"
          ]
        }
      ]
    },
    {
      "module": "module.eks",
      "mode": "managed",
      "type": "aws_iam_role_policy_attachment",
      "name": "NexChange_dev_eks_worker_node_policy",
      "provider": "provider[\"registry.terraform.io/hashicorp/aws\"]",
      "instances": [
        {
          "schema_version": 0,
          "attributes": {
            "id": "NexChange_dev_eks_node_role-20241015093123534100000001",
            "policy_arn": "arn:aws:iam::aws:policy/AmazonEKSWorkerNodePolicy",
            "role": "NexChange_dev_eks_node_role"
          },
          "sensitive_attributes": [],
          "private": "bnVsbA==",
          "dependencies": [
            "module.eks.aws_iam_role.NexChange_dev_eks_node_role"
          ]
        }
      ]
    },
    {
      "module": "module.eks",
      "mode": "managed",
      "type": "aws_security_group",
      "name": "eks_cluster_sg",
      "provider": "provider[\"registry.terraform.io/hashicorp/aws\"]",
      "instances": [
        {
          "schema_version": 1,
          "attributes": {
            "arn": "arn:aws:ec2:ap-southeast-1:654654583337:security-group/sg-091335864c025933e",
            "description": "Security group for EKS Cluster",
            "egress": [
              {
                "cidr_blocks": [
                  "0.0.0.0/0"
                ],
                "description": "",
                "from_port": 0,
                "ipv6_cidr_blocks": [],
                "prefix_list_ids": [],
                "protocol": "-1",
                "security_groups": [],
                "self": false,
                "to_port": 0
              }
            ],
            "id": "sg-091335864c025933e",
            "ingress": [
              {
                "cidr_blocks": [],
                "description": "Allow Jenkins EC2 to access EKS API",
                "from_port": 443,
                "ipv6_cidr_blocks": [],
                "prefix_list_ids": [],
                "protocol": "tcp",
                "security_groups": [
                  "sg-02ede09f4f1bcd09e",
                  "sg-0b1c211d71d987525"
                ],
                "self": false,
                "to_port": 443
              }
            ],
            "name": "eks_cluster_sg",
            "name_prefix": "",
            "owner_id": "654654583337",
            "revoke_rules_on_delete": false,
            "tags": {
              "Name": "NexChange-EKS-Cluster-cluster-sg"
            },
            "tags_all": {
              "Name": "NexChange-EKS-Cluster-cluster-sg"
            },
            "timeouts": null,
            "vpc_id": "vpc-0ba00ae94c7bef3c4"
          },
          "sensitive_attributes": [],
          "private": "eyJlMmJmYjczMC1lY2FhLTExZTYtOGY4OC0zNDM2M2JjN2M0YzAiOnsiY3JlYXRlIjo2MDAwMDAwMDAwMDAsImRlbGV0ZSI6OTAwMDAwMDAwMDAwfSwic2NoZW1hX3ZlcnNpb24iOiIxIn0=",
          "dependencies": [
            "module.networking.aws_vpc.NexChange_dev_vpc_1_sg",
            "module.security_group.aws_security_group.ec2_jenkins_sg_name",
            "module.security_group.aws_security_group.ec2_sg_ssh_http"
          ]
        }
      ]
    },
    {
      "module": "module.eks",
      "mode": "managed",
      "type": "kubernetes_config_map",
      "name": "aws_auth",
      "provider": "module.eks.provider[\"registry.terraform.io/hashicorp/kubernetes\"]",
      "instances": [
        {
          "schema_version": 0,
          "attributes": {
            "binary_data": {},
            "data": {
              "mapRoles": "- \"groups\":\n  - \"system:bootstrappers\"\n  - \"system:nodes\"\n  \"rolearn\": \"arn:aws:iam::654654583337:role/NexChange_dev_eks_node_role\"\n  \"username\": \"system:node:{{EC2PrivateDNSName}}\"\n- \"groups\":\n  - \"system:masters\"\n  \"rolearn\": \"arn:aws:iam::654654583337:role/Jenkins_EC2_Role\"\n  \"username\": \"jenkins\"\n"
            },
            "id": "kube-system/aws-auth",
            "immutable": false,
            "metadata": [
              {
                "annotations": {},
                "generate_name": "",
                "generation": 0,
                "labels": {},
                "name": "aws-auth",
                "namespace": "kube-system",
                "resource_version": "716352",
                "uid": "fd56fa60-4941-46c0-a3e1-6afd68315af4"
              }
            ]
          },
          "sensitive_attributes": [],
          "private": "bnVsbA==",
          "dependencies": [
            "module.eks.aws_eks_cluster.NexChange_dev_eks_cluster",
            "module.eks.aws_iam_role.NexChange_dev_eks_node_role",
            "module.eks.aws_iam_role.NexChange_dev_eks_role",
            "module.eks.aws_iam_role_policy_attachment.NexChange_dev_eks_cluster_policy",
            "module.eks.aws_iam_role_policy_attachment.NexChange_dev_eks_service_policy",
            "module.eks.aws_security_group.eks_cluster_sg",
            "module.jenkins.data.aws_iam_role.jenkins_role",
            "module.networking.aws_subnet.NexChange_dev_private_subtets",
            "module.networking.aws_vpc.NexChange_dev_vpc_1_sg",
            "module.security_group.aws_security_group.ec2_jenkins_sg_name",
            "module.security_group.aws_security_group.ec2_sg_ssh_http"
          ]
        }
      ]
    },
    {
      "module": "module.jenkins",
      "mode": "data",
      "type": "aws_iam_role",
      "name": "jenkins_role",
      "provider": "provider[\"registry.terraform.io/hashicorp/aws\"]",
      "instances": [
        {
          "schema_version": 0,
          "attributes": {
            "arn": "arn:aws:iam::654654583337:role/Jenkins_EC2_Role",
            "assume_role_policy": "{\"Version\":\"2012-10-17\",\"Statement\":[{\"Effect\":\"Allow\",\"Principal\":{\"Service\":\"ec2.amazonaws.com\"},\"Action\":\"sts:AssumeRole\"}]}",
            "create_date": "2024-10-17T06:31:57Z",
            "description": "Allows EC2 instances to call AWS services on your behalf.",
            "id": "Jenkins_EC2_Role",
            "max_session_duration": 3600,
            "name": "Jenkins_EC2_Role",
            "path": "/",
            "permissions_boundary": "",
            "role_last_used": [
              {
                "last_used_date": "2024-10-27T10:23:26Z",
                "region": "ap-southeast-1"
              }
            ],
            "tags": {},
            "unique_id": "AROAZQ3DUGIU6RNVQKZGB"
          },
          "sensitive_attributes": []
        }
      ]
    },
    {
      "module": "module.jenkins",
      "mode": "managed",
      "type": "aws_ebs_volume",
      "name": "jenkins_server_volume",
      "provider": "provider[\"registry.terraform.io/hashicorp/aws\"]",
      "instances": [
        {
          "schema_version": 0,
          "attributes": {
            "arn": "arn:aws:ec2:ap-southeast-1:654654583337:volume/vol-035d33db1c6bb66c3",
            "availability_zone": "ap-southeast-1a",
            "encrypted": false,
            "final_snapshot": false,
            "id": "vol-035d33db1c6bb66c3",
            "iops": 100,
            "kms_key_id": "",
            "multi_attach_enabled": false,
            "outpost_arn": "",
            "size": 20,
            "snapshot_id": "",
            "tags": {
              "Name": "Jenkins Server Volume"
            },
            "tags_all": {
              "Name": "Jenkins Server Volume"
            },
            "throughput": 0,
            "timeouts": null,
            "type": "gp2"
          },
          "sensitive_attributes": [],
          "private": "eyJlMmJmYjczMC1lY2FhLTExZTYtOGY4OC0zNDM2M2JjN2M0YzAiOnsiY3JlYXRlIjozMDAwMDAwMDAwMDAsImRlbGV0ZSI6MzAwMDAwMDAwMDAwLCJ1cGRhdGUiOjMwMDAwMDAwMDAwMH19",
          "dependencies": [
            "module.jenkins.aws_instance.jenkins_server",
            "module.networking.aws_subnet.NexChange_dev_public_subtets",
            "module.networking.aws_vpc.NexChange_dev_vpc_1_sg",
            "module.security_group.aws_security_group.ec2_jenkins_sg_name",
            "module.security_group.aws_security_group.ec2_sg_ssh_http"
          ]
        }
      ]
    },
    {
      "module": "module.jenkins",
      "mode": "managed",
      "type": "aws_instance",
      "name": "jenkins_server",
      "provider": "provider[\"registry.terraform.io/hashicorp/aws\"]",
      "instances": [
        {
          "schema_version": 1,
          "attributes": {
            "ami": "ami-047126e50991d067b",
            "arn": "arn:aws:ec2:ap-southeast-1:654654583337:instance/i-09a2ef3eb754e253b",
            "associate_public_ip_address": true,
            "availability_zone": "ap-southeast-1a",
            "capacity_reservation_specification": [
              {
                "capacity_reservation_preference": "open",
                "capacity_reservation_target": []
              }
            ],
            "cpu_core_count": 2,
            "cpu_options": [
              {
                "amd_sev_snp": "",
                "core_count": 2,
                "threads_per_core": 1
              }
            ],
            "cpu_threads_per_core": 1,
            "credit_specification": [
              {
                "cpu_credits": "standard"
              }
            ],
            "disable_api_stop": false,
            "disable_api_termination": false,
            "ebs_block_device": [
              {
                "delete_on_termination": false,
                "device_name": "/dev/sdh",
                "encrypted": false,
                "iops": 100,
                "kms_key_id": "",
                "snapshot_id": "",
                "tags": {
                  "Name": "Jenkins Server Volume"
                },
                "tags_all": {
                  "Name": "Jenkins Server Volume"
                },
                "throughput": 0,
                "volume_id": "vol-035d33db1c6bb66c3",
                "volume_size": 20,
                "volume_type": "gp2"
              }
            ],
            "ebs_optimized": false,
            "enclave_options": [
              {
                "enabled": false
              }
            ],
            "ephemeral_block_device": [],
            "get_password_data": false,
            "hibernation": false,
            "host_id": "",
            "host_resource_group_arn": null,
            "iam_instance_profile": "Jenkins_EC2_Role",
            "id": "i-09a2ef3eb754e253b",
            "instance_initiated_shutdown_behavior": "stop",
            "instance_lifecycle": "",
            "instance_market_options": [],
            "instance_state": "running",
            "instance_type": "t2.medium",
            "ipv6_address_count": 0,
            "ipv6_addresses": [],
            "key_name": "NexChange-dev-devops-key",
            "launch_template": [],
            "maintenance_options": [
              {
                "auto_recovery": "default"
              }
            ],
            "metadata_options": [
              {
                "http_endpoint": "enabled",
                "http_protocol_ipv6": "disabled",
                "http_put_response_hop_limit": 2,
                "http_tokens": "required",
                "instance_metadata_tags": "disabled"
              }
            ],
            "monitoring": false,
            "network_interface": [],
            "outpost_arn": "",
            "password_data": "",
            "placement_group": "",
            "placement_partition_number": 0,
            "primary_network_interface_id": "eni-01810cc23e1e64a92",
            "private_dns": "ip-11-0-1-75.ap-southeast-1.compute.internal",
            "private_dns_name_options": [
              {
                "enable_resource_name_dns_a_record": false,
                "enable_resource_name_dns_aaaa_record": false,
                "hostname_type": "ip-name"
              }
            ],
            "private_ip": "11.0.1.75",
            "public_dns": "ec2-18-143-171-49.ap-southeast-1.compute.amazonaws.com",
            "public_ip": "18.143.171.49",
            "root_block_device": [
              {
                "delete_on_termination": true,
                "device_name": "/dev/sda1",
                "encrypted": false,
                "iops": 3000,
                "kms_key_id": "",
                "tags": {},
                "tags_all": {},
                "throughput": 125,
                "volume_id": "vol-0165f0915d62f5cf8",
                "volume_size": 40,
                "volume_type": "gp3"
              }
            ],
            "secondary_private_ips": [],
            "security_groups": [],
            "source_dest_check": true,
            "spot_instance_request_id": "",
            "subnet_id": "subnet-0b857427f5f230a33",
            "tags": {
              "Name": "NexChange Jenkins Server: Ubuntu EC2"
            },
            "tags_all": {
              "Name": "NexChange Jenkins Server: Ubuntu EC2"
            },
            "tenancy": "default",
            "timeouts": null,
            "user_data": "6ba13205a08d8145b636ee58705cb267b857d301",
            "user_data_base64": null,
            "user_data_replace_on_change": false,
            "volume_tags": null,
            "vpc_security_group_ids": [
              "sg-02ede09f4f1bcd09e",
              "sg-0713280e69de8793d",
              "sg-0b1c211d71d987525"
            ]
          },
          "sensitive_attributes": [],
          "private": "eyJlMmJmYjczMC1lY2FhLTExZTYtOGY4OC0zNDM2M2JjN2M0YzAiOnsiY3JlYXRlIjo2MDAwMDAwMDAwMDAsImRlbGV0ZSI6MTIwMDAwMDAwMDAwMCwicmVhZCI6OTAwMDAwMDAwMDAwLCJ1cGRhdGUiOjYwMDAwMDAwMDAwMH0sInNjaGVtYV92ZXJzaW9uIjoiMSJ9",
          "dependencies": [
            "module.networking.aws_subnet.NexChange_dev_public_subtets",
            "module.networking.aws_vpc.NexChange_dev_vpc_1_sg",
            "module.security_group.aws_security_group.ec2_jenkins_sg_name",
            "module.security_group.aws_security_group.ec2_sg_ssh_http"
          ]
        }
      ]
    },
    {
      "module": "module.jenkins",
      "mode": "managed",
      "type": "aws_key_pair",
      "name": "jenkins_server_public_key",
      "provider": "provider[\"registry.terraform.io/hashicorp/aws\"]",
      "instances": [
        {
          "schema_version": 1,
          "attributes": {
            "arn": "arn:aws:ec2:ap-southeast-1:654654583337:key-pair/NexChange-dev-devops-key",
            "fingerprint": "e8:66:04:ea:32:5c:30:06:56:50:f5:7e:98:64:67:fa",
            "id": "NexChange-dev-devops-key",
            "key_name": "NexChange-dev-devops-key",
            "key_name_prefix": "",
            "key_pair_id": "key-0d11acbae37dc7c4e",
            "key_type": "rsa",
            "public_key": "ssh-rsa AAAAB3NzaC1yc2EAAAADAQABAAABgQCZLG9mgxsmZDTaRKtk3GxFUqfsUzNzA1IpoVmOkZE+HBAze3jcY2BfgADa/gY/frSKyvu6J8j5DSnn8zRRScXy1KIcc0uwUrfWWiDw3BO4OAkcRmCJ9/sUnStbYZq/PjMI0kQwZFNeYXg8e3tFnq7l65erASJBRs0JBBgdUICDTuq583FGd+fL0LWsX3GEAmWT/kxZwqpyVOccYFfM0NZEAh3sEsN6L7JGLvnKNKR045ePXF8snCuHaslhnKs09wI0m+rUvBE0mRaGmj4jM69ic/+rr7IYrM5UoYYkc9PfTUulUr4RPPT+eq0xQOFUdnXpMDm4rDQJLOdwY+tXJ5YG5IXISa3ky9ufPeyVjB1RDOC3VZ4xXtCfH2PSE9F/tHztyj6g5GhPcbBNl026MaHpVKjSu2LKndb8JJvO+QompwPwyf0FmWnq9tefBBkXCR0b04pIkdnSUu5IUxMpqrrImA2xkEPvlN1dUa0b4YHt4ltyh0rtTc9OeclYcc1F6as= jmx@LAPTOP-HG2MG9PK",
            "tags": {},
            "tags_all": {}
          },
          "sensitive_attributes": [],
          "private": "eyJzY2hlbWFfdmVyc2lvbiI6IjEifQ=="
        }
      ]
    },
    {
      "module": "module.jenkins",
      "mode": "managed",
      "type": "aws_volume_attachment",
      "name": "jenkins_server_volume_attachment",
      "provider": "provider[\"registry.terraform.io/hashicorp/aws\"]",
      "instances": [
        {
          "schema_version": 0,
          "attributes": {
            "device_name": "/dev/sdh",
            "force_detach": null,
            "id": "vai-2977013640",
            "instance_id": "i-09a2ef3eb754e253b",
            "skip_destroy": null,
            "stop_instance_before_detaching": null,
            "timeouts": null,
            "volume_id": "vol-035d33db1c6bb66c3"
          },
          "sensitive_attributes": [],
          "private": "eyJlMmJmYjczMC1lY2FhLTExZTYtOGY4OC0zNDM2M2JjN2M0YzAiOnsiY3JlYXRlIjozMDAwMDAwMDAwMDAsImRlbGV0ZSI6MzAwMDAwMDAwMDAwfX0=",
          "dependencies": [
            "module.jenkins.aws_ebs_volume.jenkins_server_volume",
            "module.jenkins.aws_instance.jenkins_server",
            "module.networking.aws_subnet.NexChange_dev_public_subtets",
            "module.networking.aws_vpc.NexChange_dev_vpc_1_sg",
            "module.security_group.aws_security_group.ec2_jenkins_sg_name",
            "module.security_group.aws_security_group.ec2_sg_ssh_http"
          ]
        }
      ]
    },
    {
      "module": "module.networking",
      "mode": "managed",
      "type": "aws_eip",
      "name": "NexChange_dev_eip",
      "provider": "provider[\"registry.terraform.io/hashicorp/aws\"]",
      "instances": [
        {
          "schema_version": 0,
          "attributes": {
            "address": null,
            "allocation_id": "eipalloc-0e533f472249ca77d",
            "arn": "arn:aws:ec2:ap-southeast-1:654654583337:elastic-ip/eipalloc-0e533f472249ca77d",
            "associate_with_private_ip": null,
            "association_id": "eipassoc-071345a52f80ee925",
            "carrier_ip": "",
            "customer_owned_ip": "",
            "customer_owned_ipv4_pool": "",
            "domain": "vpc",
            "id": "eipalloc-0e533f472249ca77d",
            "instance": "",
            "network_border_group": "ap-southeast-1",
            "network_interface": "eni-05f138c7f47d5da69",
            "private_dns": "ip-11-0-1-4.ap-southeast-1.compute.internal",
            "private_ip": "11.0.1.4",
            "ptr_record": "",
            "public_dns": "ec2-52-76-250-4.ap-southeast-1.compute.amazonaws.com",
            "public_ip": "52.76.250.4",
            "public_ipv4_pool": "amazon",
            "tags": {},
            "tags_all": {},
            "timeouts": null,
            "vpc": true
          },
          "sensitive_attributes": [],
          "private": "eyJlMmJmYjczMC1lY2FhLTExZTYtOGY4OC0zNDM2M2JjN2M0YzAiOnsiZGVsZXRlIjoxODAwMDAwMDAwMDAsInJlYWQiOjkwMDAwMDAwMDAwMCwidXBkYXRlIjozMDAwMDAwMDAwMDB9fQ=="
        }
      ]
    },
    {
      "module": "module.networking",
      "mode": "managed",
      "type": "aws_internet_gateway",
      "name": "NexChange_dev_igw",
      "provider": "provider[\"registry.terraform.io/hashicorp/aws\"]",
      "instances": [
        {
          "schema_version": 0,
          "attributes": {
            "arn": "arn:aws:ec2:ap-southeast-1:654654583337:internet-gateway/igw-0c33ca9555d478c95",
            "id": "igw-0c33ca9555d478c95",
            "owner_id": "654654583337",
            "tags": {
              "Environment": "dev",
              "IsDefault": "true",
              "Name": "NexChange_dev_igw"
            },
            "tags_all": {
              "Environment": "dev",
              "IsDefault": "true",
              "Name": "NexChange_dev_igw"
            },
            "timeouts": null,
            "vpc_id": "vpc-0ba00ae94c7bef3c4"
          },
          "sensitive_attributes": [],
          "private": "eyJlMmJmYjczMC1lY2FhLTExZTYtOGY4OC0zNDM2M2JjN2M0YzAiOnsiY3JlYXRlIjoxMjAwMDAwMDAwMDAwLCJkZWxldGUiOjEyMDAwMDAwMDAwMDAsInVwZGF0ZSI6MTIwMDAwMDAwMDAwMH19",
          "dependencies": [
            "module.networking.aws_vpc.NexChange_dev_vpc_1_sg"
          ]
        }
      ]
    },
    {
      "module": "module.networking",
      "mode": "managed",
      "type": "aws_nat_gateway",
      "name": "NexChange_dev_nat",
      "provider": "provider[\"registry.terraform.io/hashicorp/aws\"]",
      "instances": [
        {
          "schema_version": 0,
          "attributes": {
            "allocation_id": "eipalloc-0e533f472249ca77d",
            "association_id": "eipassoc-071345a52f80ee925",
            "connectivity_type": "public",
            "id": "nat-0723f609fd04b5ccd",
            "network_interface_id": "eni-05f138c7f47d5da69",
            "private_ip": "11.0.1.4",
            "public_ip": "52.76.250.4",
            "secondary_allocation_ids": [],
            "secondary_private_ip_address_count": 0,
            "secondary_private_ip_addresses": [],
            "subnet_id": "subnet-0b857427f5f230a33",
            "tags": {},
            "tags_all": {},
            "timeouts": null
          },
          "sensitive_attributes": [],
          "private": "eyJlMmJmYjczMC1lY2FhLTExZTYtOGY4OC0zNDM2M2JjN2M0YzAiOnsiY3JlYXRlIjo2MDAwMDAwMDAwMDAsImRlbGV0ZSI6MTgwMDAwMDAwMDAwMCwidXBkYXRlIjo2MDAwMDAwMDAwMDB9fQ==",
          "dependencies": [
            "module.networking.aws_eip.NexChange_dev_eip",
            "module.networking.aws_subnet.NexChange_dev_public_subtets",
            "module.networking.aws_vpc.NexChange_dev_vpc_1_sg"
          ]
        }
      ]
    },
    {
      "module": "module.networking",
      "mode": "managed",
      "type": "aws_route_table",
      "name": "NexChange_dev_private_route_table",
      "provider": "provider[\"registry.terraform.io/hashicorp/aws\"]",
      "instances": [
        {
          "schema_version": 0,
          "attributes": {
            "arn": "arn:aws:ec2:ap-southeast-1:654654583337:route-table/rtb-00cde3023476fd4a2",
            "id": "rtb-00cde3023476fd4a2",
            "owner_id": "654654583337",
            "propagating_vgws": [],
            "route": [
              {
                "carrier_gateway_id": "",
                "cidr_block": "0.0.0.0/0",
                "core_network_arn": "",
                "destination_prefix_list_id": "",
                "egress_only_gateway_id": "",
                "gateway_id": "",
                "ipv6_cidr_block": "",
                "local_gateway_id": "",
                "nat_gateway_id": "nat-0723f609fd04b5ccd",
                "network_interface_id": "",
                "transit_gateway_id": "",
                "vpc_endpoint_id": "",
                "vpc_peering_connection_id": ""
              }
            ],
            "tags": {
              "Environment": "dev",
              "IsDefault": "true",
              "Name": "NexChange_dev_private_route_table"
            },
            "tags_all": {
              "Environment": "dev",
              "IsDefault": "true",
              "Name": "NexChange_dev_private_route_table"
            },
            "timeouts": null,
            "vpc_id": "vpc-0ba00ae94c7bef3c4"
          },
          "sensitive_attributes": [],
          "private": "eyJlMmJmYjczMC1lY2FhLTExZTYtOGY4OC0zNDM2M2JjN2M0YzAiOnsiY3JlYXRlIjozMDAwMDAwMDAwMDAsImRlbGV0ZSI6MzAwMDAwMDAwMDAwLCJ1cGRhdGUiOjEyMDAwMDAwMDAwMH19",
          "dependencies": [
            "module.networking.aws_eip.NexChange_dev_eip",
            "module.networking.aws_nat_gateway.NexChange_dev_nat",
            "module.networking.aws_subnet.NexChange_dev_public_subtets",
            "module.networking.aws_vpc.NexChange_dev_vpc_1_sg"
          ]
        }
      ]
    },
    {
      "module": "module.networking",
      "mode": "managed",
      "type": "aws_route_table",
      "name": "NexChange_dev_public_route_table",
      "provider": "provider[\"registry.terraform.io/hashicorp/aws\"]",
      "instances": [
        {
          "schema_version": 0,
          "attributes": {
            "arn": "arn:aws:ec2:ap-southeast-1:654654583337:route-table/rtb-07c18ec17a56adf09",
            "id": "rtb-07c18ec17a56adf09",
            "owner_id": "654654583337",
            "propagating_vgws": [],
            "route": [
              {
                "carrier_gateway_id": "",
                "cidr_block": "0.0.0.0/0",
                "core_network_arn": "",
                "destination_prefix_list_id": "",
                "egress_only_gateway_id": "",
                "gateway_id": "igw-0c33ca9555d478c95",
                "ipv6_cidr_block": "",
                "local_gateway_id": "",
                "nat_gateway_id": "",
                "network_interface_id": "",
                "transit_gateway_id": "",
                "vpc_endpoint_id": "",
                "vpc_peering_connection_id": ""
              }
            ],
            "tags": {
              "Environment": "dev",
              "IsDefault": "true",
              "Name": "NexChange_dev_public_route_table"
            },
            "tags_all": {
              "Environment": "dev",
              "IsDefault": "true",
              "Name": "NexChange_dev_public_route_table"
            },
            "timeouts": null,
            "vpc_id": "vpc-0ba00ae94c7bef3c4"
          },
          "sensitive_attributes": [],
          "private": "eyJlMmJmYjczMC1lY2FhLTExZTYtOGY4OC0zNDM2M2JjN2M0YzAiOnsiY3JlYXRlIjozMDAwMDAwMDAwMDAsImRlbGV0ZSI6MzAwMDAwMDAwMDAwLCJ1cGRhdGUiOjEyMDAwMDAwMDAwMH19",
          "dependencies": [
            "module.networking.aws_internet_gateway.NexChange_dev_igw",
            "module.networking.aws_vpc.NexChange_dev_vpc_1_sg"
          ]
        }
      ]
    },
    {
      "module": "module.networking",
      "mode": "managed",
      "type": "aws_route_table_association",
      "name": "NexChange_dev_private_route_table_subnet_association",
      "provider": "provider[\"registry.terraform.io/hashicorp/aws\"]",
      "instances": [
        {
          "index_key": 0,
          "schema_version": 0,
          "attributes": {
            "gateway_id": "",
            "id": "rtbassoc-0f1ea98db121e1b23",
            "route_table_id": "rtb-00cde3023476fd4a2",
            "subnet_id": "subnet-0cf889e7130c0b2ca",
            "timeouts": null
          },
          "sensitive_attributes": [],
          "private": "eyJlMmJmYjczMC1lY2FhLTExZTYtOGY4OC0zNDM2M2JjN2M0YzAiOnsiY3JlYXRlIjozMDAwMDAwMDAwMDAsImRlbGV0ZSI6MzAwMDAwMDAwMDAwLCJ1cGRhdGUiOjEyMDAwMDAwMDAwMH19",
          "dependencies": [
            "module.networking.aws_eip.NexChange_dev_eip",
            "module.networking.aws_nat_gateway.NexChange_dev_nat",
            "module.networking.aws_route_table.NexChange_dev_private_route_table",
            "module.networking.aws_subnet.NexChange_dev_private_subtets",
            "module.networking.aws_subnet.NexChange_dev_public_subtets",
            "module.networking.aws_vpc.NexChange_dev_vpc_1_sg"
          ]
        },
        {
          "index_key": 1,
          "schema_version": 0,
          "attributes": {
            "gateway_id": "",
            "id": "rtbassoc-08a3a919cd2abde77",
            "route_table_id": "rtb-00cde3023476fd4a2",
            "subnet_id": "subnet-06f158a83ee5b4135",
            "timeouts": null
          },
          "sensitive_attributes": [],
          "private": "eyJlMmJmYjczMC1lY2FhLTExZTYtOGY4OC0zNDM2M2JjN2M0YzAiOnsiY3JlYXRlIjozMDAwMDAwMDAwMDAsImRlbGV0ZSI6MzAwMDAwMDAwMDAwLCJ1cGRhdGUiOjEyMDAwMDAwMDAwMH19",
          "dependencies": [
            "module.networking.aws_eip.NexChange_dev_eip",
            "module.networking.aws_nat_gateway.NexChange_dev_nat",
            "module.networking.aws_route_table.NexChange_dev_private_route_table",
            "module.networking.aws_subnet.NexChange_dev_private_subtets",
            "module.networking.aws_subnet.NexChange_dev_public_subtets",
            "module.networking.aws_vpc.NexChange_dev_vpc_1_sg"
          ]
        }
      ]
    },
    {
      "module": "module.networking",
      "mode": "managed",
      "type": "aws_route_table_association",
      "name": "NexChange_dev_public_route_table_subnet_association",
      "provider": "provider[\"registry.terraform.io/hashicorp/aws\"]",
      "instances": [
        {
          "index_key": 0,
          "schema_version": 0,
          "attributes": {
            "gateway_id": "",
            "id": "rtbassoc-0eb3fcd598767f062",
            "route_table_id": "rtb-07c18ec17a56adf09",
            "subnet_id": "subnet-0b857427f5f230a33",
            "timeouts": null
          },
          "sensitive_attributes": [],
          "private": "eyJlMmJmYjczMC1lY2FhLTExZTYtOGY4OC0zNDM2M2JjN2M0YzAiOnsiY3JlYXRlIjozMDAwMDAwMDAwMDAsImRlbGV0ZSI6MzAwMDAwMDAwMDAwLCJ1cGRhdGUiOjEyMDAwMDAwMDAwMH19",
          "dependencies": [
            "module.networking.aws_internet_gateway.NexChange_dev_igw",
            "module.networking.aws_route_table.NexChange_dev_public_route_table",
            "module.networking.aws_subnet.NexChange_dev_public_subtets",
            "module.networking.aws_vpc.NexChange_dev_vpc_1_sg"
          ]
        },
        {
          "index_key": 1,
          "schema_version": 0,
          "attributes": {
            "gateway_id": "",
            "id": "rtbassoc-0a8b075bb6a1bc709",
            "route_table_id": "rtb-07c18ec17a56adf09",
            "subnet_id": "subnet-09e7b4d11f77a0593",
            "timeouts": null
          },
          "sensitive_attributes": [],
          "private": "eyJlMmJmYjczMC1lY2FhLTExZTYtOGY4OC0zNDM2M2JjN2M0YzAiOnsiY3JlYXRlIjozMDAwMDAwMDAwMDAsImRlbGV0ZSI6MzAwMDAwMDAwMDAwLCJ1cGRhdGUiOjEyMDAwMDAwMDAwMH19",
          "dependencies": [
            "module.networking.aws_internet_gateway.NexChange_dev_igw",
            "module.networking.aws_route_table.NexChange_dev_public_route_table",
            "module.networking.aws_subnet.NexChange_dev_public_subtets",
            "module.networking.aws_vpc.NexChange_dev_vpc_1_sg"
          ]
        }
      ]
    },
    {
      "module": "module.networking",
      "mode": "managed",
      "type": "aws_subnet",
      "name": "NexChange_dev_private_subtets",
      "provider": "provider[\"registry.terraform.io/hashicorp/aws\"]",
      "instances": [
        {
          "index_key": 0,
          "schema_version": 1,
          "attributes": {
            "arn": "arn:aws:ec2:ap-southeast-1:654654583337:subnet/subnet-0cf889e7130c0b2ca",
            "assign_ipv6_address_on_creation": false,
            "availability_zone": "ap-southeast-1a",
            "availability_zone_id": "apse1-az2",
            "cidr_block": "11.0.3.0/24",
            "customer_owned_ipv4_pool": "",
            "enable_dns64": false,
            "enable_lni_at_device_index": 0,
            "enable_resource_name_dns_a_record_on_launch": false,
            "enable_resource_name_dns_aaaa_record_on_launch": false,
            "id": "subnet-0cf889e7130c0b2ca",
            "ipv6_cidr_block": "",
            "ipv6_cidr_block_association_id": "",
            "ipv6_native": false,
            "map_customer_owned_ip_on_launch": false,
            "map_public_ip_on_launch": false,
            "outpost_arn": "",
            "owner_id": "654654583337",
            "private_dns_hostname_type_on_launch": "ip-name",
            "tags": {
              "Environment": "dev",
              "IsDefault": "true",
              "Name": "NexChange_dev_private_subnet_1"
            },
            "tags_all": {
              "Environment": "dev",
              "IsDefault": "true",
              "Name": "NexChange_dev_private_subnet_1"
            },
            "timeouts": null,
            "vpc_id": "vpc-0ba00ae94c7bef3c4"
          },
          "sensitive_attributes": [],
          "private": "eyJlMmJmYjczMC1lY2FhLTExZTYtOGY4OC0zNDM2M2JjN2M0YzAiOnsiY3JlYXRlIjo2MDAwMDAwMDAwMDAsImRlbGV0ZSI6MTIwMDAwMDAwMDAwMH0sInNjaGVtYV92ZXJzaW9uIjoiMSJ9",
          "dependencies": [
            "module.networking.aws_vpc.NexChange_dev_vpc_1_sg"
          ]
        },
        {
          "index_key": 1,
          "schema_version": 1,
          "attributes": {
            "arn": "arn:aws:ec2:ap-southeast-1:654654583337:subnet/subnet-06f158a83ee5b4135",
            "assign_ipv6_address_on_creation": false,
            "availability_zone": "ap-southeast-1b",
            "availability_zone_id": "apse1-az1",
            "cidr_block": "11.0.4.0/24",
            "customer_owned_ipv4_pool": "",
            "enable_dns64": false,
            "enable_lni_at_device_index": 0,
            "enable_resource_name_dns_a_record_on_launch": false,
            "enable_resource_name_dns_aaaa_record_on_launch": false,
            "id": "subnet-06f158a83ee5b4135",
            "ipv6_cidr_block": "",
            "ipv6_cidr_block_association_id": "",
            "ipv6_native": false,
            "map_customer_owned_ip_on_launch": false,
            "map_public_ip_on_launch": false,
            "outpost_arn": "",
            "owner_id": "654654583337",
            "private_dns_hostname_type_on_launch": "ip-name",
            "tags": {
              "Environment": "dev",
              "IsDefault": "true",
              "Name": "NexChange_dev_private_subnet_2"
            },
            "tags_all": {
              "Environment": "dev",
              "IsDefault": "true",
              "Name": "NexChange_dev_private_subnet_2"
            },
            "timeouts": null,
            "vpc_id": "vpc-0ba00ae94c7bef3c4"
          },
          "sensitive_attributes": [],
          "private": "eyJlMmJmYjczMC1lY2FhLTExZTYtOGY4OC0zNDM2M2JjN2M0YzAiOnsiY3JlYXRlIjo2MDAwMDAwMDAwMDAsImRlbGV0ZSI6MTIwMDAwMDAwMDAwMH0sInNjaGVtYV92ZXJzaW9uIjoiMSJ9",
          "dependencies": [
            "module.networking.aws_vpc.NexChange_dev_vpc_1_sg"
          ]
        }
      ]
    },
    {
      "module": "module.networking",
      "mode": "managed",
      "type": "aws_subnet",
      "name": "NexChange_dev_public_subtets",
      "provider": "provider[\"registry.terraform.io/hashicorp/aws\"]",
      "instances": [
        {
          "index_key": 0,
          "schema_version": 1,
          "attributes": {
            "arn": "arn:aws:ec2:ap-southeast-1:654654583337:subnet/subnet-0b857427f5f230a33",
            "assign_ipv6_address_on_creation": false,
            "availability_zone": "ap-southeast-1a",
            "availability_zone_id": "apse1-az2",
            "cidr_block": "11.0.1.0/24",
            "customer_owned_ipv4_pool": "",
            "enable_dns64": false,
            "enable_lni_at_device_index": 0,
            "enable_resource_name_dns_a_record_on_launch": false,
            "enable_resource_name_dns_aaaa_record_on_launch": false,
            "id": "subnet-0b857427f5f230a33",
            "ipv6_cidr_block": "",
            "ipv6_cidr_block_association_id": "",
            "ipv6_native": false,
            "map_customer_owned_ip_on_launch": false,
            "map_public_ip_on_launch": false,
            "outpost_arn": "",
            "owner_id": "654654583337",
            "private_dns_hostname_type_on_launch": "ip-name",
            "tags": {
              "Environment": "dev",
              "IsDefault": "true",
              "Name": "NexChange_dev_public_subnet_1"
            },
            "tags_all": {
              "Environment": "dev",
              "IsDefault": "true",
              "Name": "NexChange_dev_public_subnet_1"
            },
            "timeouts": null,
            "vpc_id": "vpc-0ba00ae94c7bef3c4"
          },
          "sensitive_attributes": [],
          "private": "eyJlMmJmYjczMC1lY2FhLTExZTYtOGY4OC0zNDM2M2JjN2M0YzAiOnsiY3JlYXRlIjo2MDAwMDAwMDAwMDAsImRlbGV0ZSI6MTIwMDAwMDAwMDAwMH0sInNjaGVtYV92ZXJzaW9uIjoiMSJ9",
          "dependencies": [
            "module.networking.aws_vpc.NexChange_dev_vpc_1_sg"
          ]
        },
        {
          "index_key": 1,
          "schema_version": 1,
          "attributes": {
            "arn": "arn:aws:ec2:ap-southeast-1:654654583337:subnet/subnet-09e7b4d11f77a0593",
            "assign_ipv6_address_on_creation": false,
            "availability_zone": "ap-southeast-1b",
            "availability_zone_id": "apse1-az1",
            "cidr_block": "11.0.2.0/24",
            "customer_owned_ipv4_pool": "",
            "enable_dns64": false,
            "enable_lni_at_device_index": 0,
            "enable_resource_name_dns_a_record_on_launch": false,
            "enable_resource_name_dns_aaaa_record_on_launch": false,
            "id": "subnet-09e7b4d11f77a0593",
            "ipv6_cidr_block": "",
            "ipv6_cidr_block_association_id": "",
            "ipv6_native": false,
            "map_customer_owned_ip_on_launch": false,
            "map_public_ip_on_launch": false,
            "outpost_arn": "",
            "owner_id": "654654583337",
            "private_dns_hostname_type_on_launch": "ip-name",
            "tags": {
              "Environment": "dev",
              "IsDefault": "true",
              "Name": "NexChange_dev_public_subnet_2"
            },
            "tags_all": {
              "Environment": "dev",
              "IsDefault": "true",
              "Name": "NexChange_dev_public_subnet_2"
            },
            "timeouts": null,
            "vpc_id": "vpc-0ba00ae94c7bef3c4"
          },
          "sensitive_attributes": [],
          "private": "eyJlMmJmYjczMC1lY2FhLTExZTYtOGY4OC0zNDM2M2JjN2M0YzAiOnsiY3JlYXRlIjo2MDAwMDAwMDAwMDAsImRlbGV0ZSI6MTIwMDAwMDAwMDAwMH0sInNjaGVtYV92ZXJzaW9uIjoiMSJ9",
          "dependencies": [
            "module.networking.aws_vpc.NexChange_dev_vpc_1_sg"
          ]
        }
      ]
    },
    {
      "module": "module.networking",
      "mode": "managed",
      "type": "aws_vpc",
      "name": "NexChange_dev_vpc_1_sg",
      "provider": "provider[\"registry.terraform.io/hashicorp/aws\"]",
      "instances": [
        {
          "schema_version": 1,
          "attributes": {
            "arn": "arn:aws:ec2:ap-southeast-1:654654583337:vpc/vpc-0ba00ae94c7bef3c4",
            "assign_generated_ipv6_cidr_block": false,
            "cidr_block": "11.0.0.0/16",
            "default_network_acl_id": "acl-043d450f09bf6a791",
            "default_route_table_id": "rtb-06da6cd97ba7239ec",
            "default_security_group_id": "sg-08648e3cc660f14e7",
            "dhcp_options_id": "dopt-05d9f87a583f8fddf",
            "enable_dns_hostnames": true,
            "enable_dns_support": true,
            "enable_network_address_usage_metrics": false,
            "id": "vpc-0ba00ae94c7bef3c4",
            "instance_tenancy": "default",
            "ipv4_ipam_pool_id": null,
            "ipv4_netmask_length": null,
            "ipv6_association_id": "",
            "ipv6_cidr_block": "",
            "ipv6_cidr_block_network_border_group": "",
            "ipv6_ipam_pool_id": "",
            "ipv6_netmask_length": 0,
            "main_route_table_id": "rtb-06da6cd97ba7239ec",
            "owner_id": "654654583337",
            "tags": {
              "Environment": "dev",
              "IsDefault": "true",
              "Name": "Dev-NexChange_vpc_1_sg"
            },
            "tags_all": {
              "Environment": "dev",
              "IsDefault": "true",
              "Name": "Dev-NexChange_vpc_1_sg"
            }
          },
          "sensitive_attributes": [],
          "private": "eyJzY2hlbWFfdmVyc2lvbiI6IjEifQ=="
        }
      ]
    },
    {
      "module": "module.security_group",
      "mode": "managed",
      "type": "aws_security_group",
      "name": "ec2_jenkins_sg_name",
      "provider": "provider[\"registry.terraform.io/hashicorp/aws\"]",
      "instances": [
        {
          "schema_version": 1,
          "attributes": {
            "arn": "arn:aws:ec2:ap-southeast-1:654654583337:security-group/sg-02ede09f4f1bcd09e",
            "description": "Allow port 8080 for jenkins",
            "egress": [],
            "id": "sg-02ede09f4f1bcd09e",
            "ingress": [
              {
                "cidr_blocks": [
                  "0.0.0.0/0"
                ],
                "description": "Allow SSH from anywhere",
                "from_port": 8080,
                "ipv6_cidr_blocks": [],
                "prefix_list_ids": [],
                "protocol": "tcp",
                "security_groups": [],
                "self": false,
                "to_port": 8080
              }
            ],
            "name": "Allow port 8080 for jenkins",
            "name_prefix": "",
            "owner_id": "654654583337",
            "revoke_rules_on_delete": false,
            "tags": {
              "Environment": "dev",
              "IsDefault": "true",
              "Name": "Allow port 8080 for jenkins"
            },
            "tags_all": {
              "Environment": "dev",
              "IsDefault": "true",
              "Name": "Allow port 8080 for jenkins"
            },
            "timeouts": null,
            "vpc_id": "vpc-0ba00ae94c7bef3c4"
          },
          "sensitive_attributes": [],
          "private": "eyJlMmJmYjczMC1lY2FhLTExZTYtOGY4OC0zNDM2M2JjN2M0YzAiOnsiY3JlYXRlIjo2MDAwMDAwMDAwMDAsImRlbGV0ZSI6OTAwMDAwMDAwMDAwfSwic2NoZW1hX3ZlcnNpb24iOiIxIn0=",
          "dependencies": [
            "module.networking.aws_vpc.NexChange_dev_vpc_1_sg"
          ]
        }
      ]
    },
    {
      "module": "module.security_group",
      "mode": "managed",
      "type": "aws_security_group",
      "name": "ec2_sg_ssh_http",
      "provider": "provider[\"registry.terraform.io/hashicorp/aws\"]",
      "instances": [
        {
          "schema_version": 1,
          "attributes": {
            "arn": "arn:aws:ec2:ap-southeast-1:654654583337:security-group/sg-0b1c211d71d987525",
            "description": "Enable the Port 22(SSH) \u0026 Port 80(http)",
            "egress": [
              {
                "cidr_blocks": [
                  "0.0.0.0/0"
                ],
                "description": "Allow outgoing request",
                "from_port": 0,
                "ipv6_cidr_blocks": [],
                "prefix_list_ids": [],
                "protocol": "-1",
                "security_groups": [],
                "self": false,
                "to_port": 0
              }
            ],
            "id": "sg-0b1c211d71d987525",
            "ingress": [
              {
                "cidr_blocks": [
                  "0.0.0.0/0"
                ],
                "description": "Allow HTTP from anywhere",
                "from_port": 80,
                "ipv6_cidr_blocks": [],
                "prefix_list_ids": [],
                "protocol": "tcp",
                "security_groups": [],
                "self": false,
                "to_port": 80
              },
              {
                "cidr_blocks": [
                  "0.0.0.0/0"
                ],
                "description": "Allow HTTPS from anywhere",
                "from_port": 443,
                "ipv6_cidr_blocks": [],
                "prefix_list_ids": [],
                "protocol": "tcp",
                "security_groups": [],
                "self": false,
                "to_port": 443
              },
              {
                "cidr_blocks": [
                  "0.0.0.0/0"
                ],
                "description": "Allow SSH from anywhere",
                "from_port": 22,
                "ipv6_cidr_blocks": [],
                "prefix_list_ids": [],
                "protocol": "tcp",
                "security_groups": [],
                "self": false,
                "to_port": 22
              }
            ],
            "name": "SG for EC2 to enable SSH(22), HTTPS(443) and HTTP(80)",
            "name_prefix": "",
            "owner_id": "654654583337",
            "revoke_rules_on_delete": false,
            "tags": {
              "Environment": "dev",
              "IsDefault": "true",
              "Name": "SG for EC2 to enable SSH(22), HTTPS(443) and HTTP(80)"
            },
            "tags_all": {
              "Environment": "dev",
              "IsDefault": "true",
              "Name": "SG for EC2 to enable SSH(22), HTTPS(443) and HTTP(80)"
            },
            "timeouts": null,
            "vpc_id": "vpc-0ba00ae94c7bef3c4"
          },
          "sensitive_attributes": [],
          "private": "eyJlMmJmYjczMC1lY2FhLTExZTYtOGY4OC0zNDM2M2JjN2M0YzAiOnsiY3JlYXRlIjo2MDAwMDAwMDAwMDAsImRlbGV0ZSI6OTAwMDAwMDAwMDAwfSwic2NoZW1hX3ZlcnNpb24iOiIxIn0=",
          "dependencies": [
            "module.networking.aws_vpc.NexChange_dev_vpc_1_sg"
          ]
        }
      ]
    }
  ],
  "check_results": null
}
