{
  "version": 4,
  "terraform_version": "1.9.7",
  "serial": 144,
  "lineage": "70ba772f-ce45-8f1d-39e4-8888922ad4b4",
  "outputs": {
    "jenkins_server_public_ip": {
      "value": "13.212.75.55",
      "type": "string"
    },
    "ssh_connection_for_jenkins": {
      "value": "ssh -i C:/Users/jmx/.ssh/nexchange_jenkins ubuntu@13.212.75.55",
      "type": "string"
    },
    "vpc_id": {
      "value": "vpc-0ba00ae94c7bef3c4",
      "type": "string"
    }
  },
  "resources": [
    {
      "module": "module.jenkins",
      "mode": "managed",
      "type": "aws_ebs_volume",
      "name": "jenkins_server_volume",
      "provider": "provider[\"registry.terraform.io/hashicorp/aws\"]",
      "instances": [
        {
          "schema_version": 0,
          "attributes": {
            "arn": "arn:aws:ec2:ap-southeast-1:654654583337:volume/vol-035d33db1c6bb66c3",
            "availability_zone": "ap-southeast-1a",
            "encrypted": false,
            "final_snapshot": false,
            "id": "vol-035d33db1c6bb66c3",
            "iops": 100,
            "kms_key_id": "",
            "multi_attach_enabled": false,
            "outpost_arn": "",
            "size": 20,
            "snapshot_id": "",
            "tags": {
              "Name": "Jenkins Server Volume"
            },
            "tags_all": {
              "Name": "Jenkins Server Volume"
            },
            "throughput": 0,
            "timeouts": null,
            "type": "gp2"
          },
          "sensitive_attributes": [],
          "private": "eyJlMmJmYjczMC1lY2FhLTExZTYtOGY4OC0zNDM2M2JjN2M0YzAiOnsiY3JlYXRlIjozMDAwMDAwMDAwMDAsImRlbGV0ZSI6MzAwMDAwMDAwMDAwLCJ1cGRhdGUiOjMwMDAwMDAwMDAwMH19",
          "dependencies": [
            "module.jenkins.aws_instance.jenkins_server",
            "module.networking.aws_subnet.NexChange_dev_public_subtets",
            "module.networking.aws_vpc.NexChange_dev_vpc_1_sg",
            "module.security_group.aws_security_group.ec2_jenkins_sg_name",
            "module.security_group.aws_security_group.ec2_sg_ssh_http"
          ]
        }
      ]
    },
    {
      "module": "module.jenkins",
      "mode": "managed",
      "type": "aws_instance",
      "name": "jenkins_server",
      "provider": "provider[\"registry.terraform.io/hashicorp/aws\"]",
      "instances": [
        {
          "schema_version": 1,
          "attributes": {
            "ami": "ami-047126e50991d067b",
            "arn": "arn:aws:ec2:ap-southeast-1:654654583337:instance/i-09a2ef3eb754e253b",
            "associate_public_ip_address": true,
            "availability_zone": "ap-southeast-1a",
            "capacity_reservation_specification": [
              {
                "capacity_reservation_preference": "open",
                "capacity_reservation_target": []
              }
            ],
            "cpu_core_count": 2,
            "cpu_options": [
              {
                "amd_sev_snp": "",
                "core_count": 2,
                "threads_per_core": 1
              }
            ],
            "cpu_threads_per_core": 1,
            "credit_specification": [
              {
                "cpu_credits": "standard"
              }
            ],
            "disable_api_stop": false,
            "disable_api_termination": false,
            "ebs_block_device": [],
            "ebs_optimized": false,
            "enclave_options": [
              {
                "enabled": false
              }
            ],
            "ephemeral_block_device": [],
            "get_password_data": false,
            "hibernation": false,
            "host_id": "",
            "host_resource_group_arn": null,
            "iam_instance_profile": "",
            "id": "i-09a2ef3eb754e253b",
            "instance_initiated_shutdown_behavior": "stop",
            "instance_lifecycle": "",
            "instance_market_options": [],
            "instance_state": "running",
            "instance_type": "t2.medium",
            "ipv6_address_count": 0,
            "ipv6_addresses": [],
            "key_name": "NexChange-dev-devops-key",
            "launch_template": [],
            "maintenance_options": [
              {
                "auto_recovery": "default"
              }
            ],
            "metadata_options": [
              {
                "http_endpoint": "enabled",
                "http_protocol_ipv6": "disabled",
                "http_put_response_hop_limit": 2,
                "http_tokens": "required",
                "instance_metadata_tags": "disabled"
              }
            ],
            "monitoring": false,
            "network_interface": [],
            "outpost_arn": "",
            "password_data": "",
            "placement_group": "",
            "placement_partition_number": 0,
            "primary_network_interface_id": "eni-01810cc23e1e64a92",
            "private_dns": "ip-11-0-1-75.ap-southeast-1.compute.internal",
            "private_dns_name_options": [
              {
                "enable_resource_name_dns_a_record": false,
                "enable_resource_name_dns_aaaa_record": false,
                "hostname_type": "ip-name"
              }
            ],
            "private_ip": "11.0.1.75",
            "public_dns": "ec2-13-212-75-55.ap-southeast-1.compute.amazonaws.com",
            "public_ip": "13.212.75.55",
            "root_block_device": [
              {
                "delete_on_termination": true,
                "device_name": "/dev/sda1",
                "encrypted": false,
                "iops": 3000,
                "kms_key_id": "",
                "tags": {},
                "tags_all": {},
                "throughput": 125,
                "volume_id": "vol-0165f0915d62f5cf8",
                "volume_size": 8,
                "volume_type": "gp3"
              }
            ],
            "secondary_private_ips": [],
            "security_groups": [],
            "source_dest_check": true,
            "spot_instance_request_id": "",
            "subnet_id": "subnet-0b857427f5f230a33",
            "tags": {
              "Name": "NexChange Jenkins Server: Ubuntu EC2"
            },
            "tags_all": {
              "Name": "NexChange Jenkins Server: Ubuntu EC2"
            },
            "tenancy": "default",
            "timeouts": null,
            "user_data": "6ba13205a08d8145b636ee58705cb267b857d301",
            "user_data_base64": null,
            "user_data_replace_on_change": false,
            "volume_tags": null,
            "vpc_security_group_ids": [
              "sg-02ede09f4f1bcd09e",
              "sg-0b1c211d71d987525"
            ]
          },
          "sensitive_attributes": [],
          "private": "eyJlMmJmYjczMC1lY2FhLTExZTYtOGY4OC0zNDM2M2JjN2M0YzAiOnsiY3JlYXRlIjo2MDAwMDAwMDAwMDAsImRlbGV0ZSI6MTIwMDAwMDAwMDAwMCwicmVhZCI6OTAwMDAwMDAwMDAwLCJ1cGRhdGUiOjYwMDAwMDAwMDAwMH0sInNjaGVtYV92ZXJzaW9uIjoiMSJ9",
          "dependencies": [
            "module.networking.aws_subnet.NexChange_dev_public_subtets",
            "module.networking.aws_vpc.NexChange_dev_vpc_1_sg",
            "module.security_group.aws_security_group.ec2_jenkins_sg_name",
            "module.security_group.aws_security_group.ec2_sg_ssh_http"
          ]
        }
      ]
    },
    {
      "module": "module.jenkins",
      "mode": "managed",
      "type": "aws_key_pair",
      "name": "jenkins_server_public_key",
      "provider": "provider[\"registry.terraform.io/hashicorp/aws\"]",
      "instances": [
        {
          "schema_version": 1,
          "attributes": {
            "arn": "arn:aws:ec2:ap-southeast-1:654654583337:key-pair/NexChange-dev-devops-key",
            "fingerprint": "e8:66:04:ea:32:5c:30:06:56:50:f5:7e:98:64:67:fa",
            "id": "NexChange-dev-devops-key",
            "key_name": "NexChange-dev-devops-key",
            "key_name_prefix": "",
            "key_pair_id": "key-0d11acbae37dc7c4e",
            "key_type": "rsa",
            "public_key": "ssh-rsa AAAAB3NzaC1yc2EAAAADAQABAAABgQCZLG9mgxsmZDTaRKtk3GxFUqfsUzNzA1IpoVmOkZE+HBAze3jcY2BfgADa/gY/frSKyvu6J8j5DSnn8zRRScXy1KIcc0uwUrfWWiDw3BO4OAkcRmCJ9/sUnStbYZq/PjMI0kQwZFNeYXg8e3tFnq7l65erASJBRs0JBBgdUICDTuq583FGd+fL0LWsX3GEAmWT/kxZwqpyVOccYFfM0NZEAh3sEsN6L7JGLvnKNKR045ePXF8snCuHaslhnKs09wI0m+rUvBE0mRaGmj4jM69ic/+rr7IYrM5UoYYkc9PfTUulUr4RPPT+eq0xQOFUdnXpMDm4rDQJLOdwY+tXJ5YG5IXISa3ky9ufPeyVjB1RDOC3VZ4xXtCfH2PSE9F/tHztyj6g5GhPcbBNl026MaHpVKjSu2LKndb8JJvO+QompwPwyf0FmWnq9tefBBkXCR0b04pIkdnSUu5IUxMpqrrImA2xkEPvlN1dUa0b4YHt4ltyh0rtTc9OeclYcc1F6as= jmx@LAPTOP-HG2MG9PK",
            "tags": null,
            "tags_all": {}
          },
          "sensitive_attributes": [],
          "private": "eyJzY2hlbWFfdmVyc2lvbiI6IjEifQ=="
        }
      ]
    },
    {
      "module": "module.jenkins",
      "mode": "managed",
      "type": "aws_volume_attachment",
      "name": "jenkins_server_volume_attachment",
      "provider": "provider[\"registry.terraform.io/hashicorp/aws\"]",
      "instances": [
        {
          "schema_version": 0,
          "attributes": {
            "device_name": "/dev/sdh",
            "force_detach": null,
            "id": "vai-2977013640",
            "instance_id": "i-09a2ef3eb754e253b",
            "skip_destroy": null,
            "stop_instance_before_detaching": null,
            "timeouts": null,
            "volume_id": "vol-035d33db1c6bb66c3"
          },
          "sensitive_attributes": [],
          "private": "eyJlMmJmYjczMC1lY2FhLTExZTYtOGY4OC0zNDM2M2JjN2M0YzAiOnsiY3JlYXRlIjozMDAwMDAwMDAwMDAsImRlbGV0ZSI6MzAwMDAwMDAwMDAwfX0=",
          "dependencies": [
            "module.jenkins.aws_ebs_volume.jenkins_server_volume",
            "module.jenkins.aws_instance.jenkins_server",
            "module.networking.aws_subnet.NexChange_dev_public_subtets",
            "module.networking.aws_vpc.NexChange_dev_vpc_1_sg",
            "module.security_group.aws_security_group.ec2_jenkins_sg_name",
            "module.security_group.aws_security_group.ec2_sg_ssh_http"
          ]
        }
      ]
    },
    {
      "module": "module.networking",
      "mode": "managed",
      "type": "aws_internet_gateway",
      "name": "NexChange_dev_igw",
      "provider": "provider[\"registry.terraform.io/hashicorp/aws\"]",
      "instances": [
        {
          "schema_version": 0,
          "attributes": {
            "arn": "arn:aws:ec2:ap-southeast-1:654654583337:internet-gateway/igw-0c33ca9555d478c95",
            "id": "igw-0c33ca9555d478c95",
            "owner_id": "654654583337",
            "tags": {
              "Environment": "dev",
              "IsDefault": "true",
              "Name": "NexChange_dev_igw"
            },
            "tags_all": {
              "Environment": "dev",
              "IsDefault": "true",
              "Name": "NexChange_dev_igw"
            },
            "timeouts": null,
            "vpc_id": "vpc-0ba00ae94c7bef3c4"
          },
          "sensitive_attributes": [],
          "private": "eyJlMmJmYjczMC1lY2FhLTExZTYtOGY4OC0zNDM2M2JjN2M0YzAiOnsiY3JlYXRlIjoxMjAwMDAwMDAwMDAwLCJkZWxldGUiOjEyMDAwMDAwMDAwMDAsInVwZGF0ZSI6MTIwMDAwMDAwMDAwMH19",
          "dependencies": [
            "module.networking.aws_vpc.NexChange_dev_vpc_1_sg"
          ]
        }
      ]
    },
    {
      "module": "module.networking",
      "mode": "managed",
      "type": "aws_route_table",
      "name": "NexChange_dev_private_route_table",
      "provider": "provider[\"registry.terraform.io/hashicorp/aws\"]",
      "instances": [
        {
          "schema_version": 0,
          "attributes": {
            "arn": "arn:aws:ec2:ap-southeast-1:654654583337:route-table/rtb-00cde3023476fd4a2",
            "id": "rtb-00cde3023476fd4a2",
            "owner_id": "654654583337",
            "propagating_vgws": [],
            "route": [],
            "tags": {
              "Environment": "dev",
              "IsDefault": "true",
              "Name": "NexChange_dev_private_route_table"
            },
            "tags_all": {
              "Environment": "dev",
              "IsDefault": "true",
              "Name": "NexChange_dev_private_route_table"
            },
            "timeouts": null,
            "vpc_id": "vpc-0ba00ae94c7bef3c4"
          },
          "sensitive_attributes": [],
          "private": "eyJlMmJmYjczMC1lY2FhLTExZTYtOGY4OC0zNDM2M2JjN2M0YzAiOnsiY3JlYXRlIjozMDAwMDAwMDAwMDAsImRlbGV0ZSI6MzAwMDAwMDAwMDAwLCJ1cGRhdGUiOjEyMDAwMDAwMDAwMH19",
          "dependencies": [
            "module.networking.aws_vpc.NexChange_dev_vpc_1_sg"
          ]
        }
      ]
    },
    {
      "module": "module.networking",
      "mode": "managed",
      "type": "aws_route_table",
      "name": "NexChange_dev_public_route_table",
      "provider": "provider[\"registry.terraform.io/hashicorp/aws\"]",
      "instances": [
        {
          "schema_version": 0,
          "attributes": {
            "arn": "arn:aws:ec2:ap-southeast-1:654654583337:route-table/rtb-07c18ec17a56adf09",
            "id": "rtb-07c18ec17a56adf09",
            "owner_id": "654654583337",
            "propagating_vgws": [],
            "route": [
              {
                "carrier_gateway_id": "",
                "cidr_block": "0.0.0.0/0",
                "core_network_arn": "",
                "destination_prefix_list_id": "",
                "egress_only_gateway_id": "",
                "gateway_id": "igw-0c33ca9555d478c95",
                "ipv6_cidr_block": "",
                "local_gateway_id": "",
                "nat_gateway_id": "",
                "network_interface_id": "",
                "transit_gateway_id": "",
                "vpc_endpoint_id": "",
                "vpc_peering_connection_id": ""
              }
            ],
            "tags": {
              "Environment": "dev",
              "IsDefault": "true",
              "Name": "NexChange_dev_public_route_table"
            },
            "tags_all": {
              "Environment": "dev",
              "IsDefault": "true",
              "Name": "NexChange_dev_public_route_table"
            },
            "timeouts": null,
            "vpc_id": "vpc-0ba00ae94c7bef3c4"
          },
          "sensitive_attributes": [],
          "private": "eyJlMmJmYjczMC1lY2FhLTExZTYtOGY4OC0zNDM2M2JjN2M0YzAiOnsiY3JlYXRlIjozMDAwMDAwMDAwMDAsImRlbGV0ZSI6MzAwMDAwMDAwMDAwLCJ1cGRhdGUiOjEyMDAwMDAwMDAwMH19",
          "dependencies": [
            "module.networking.aws_internet_gateway.NexChange_dev_igw",
            "module.networking.aws_vpc.NexChange_dev_vpc_1_sg"
          ]
        }
      ]
    },
    {
      "module": "module.networking",
      "mode": "managed",
      "type": "aws_route_table_association",
      "name": "NexChange_dev_private_route_table_subnet_association",
      "provider": "provider[\"registry.terraform.io/hashicorp/aws\"]",
      "instances": [
        {
          "index_key": 0,
          "schema_version": 0,
          "attributes": {
            "gateway_id": "",
            "id": "rtbassoc-0f1ea98db121e1b23",
            "route_table_id": "rtb-00cde3023476fd4a2",
            "subnet_id": "subnet-0cf889e7130c0b2ca",
            "timeouts": null
          },
          "sensitive_attributes": [],
          "private": "eyJlMmJmYjczMC1lY2FhLTExZTYtOGY4OC0zNDM2M2JjN2M0YzAiOnsiY3JlYXRlIjozMDAwMDAwMDAwMDAsImRlbGV0ZSI6MzAwMDAwMDAwMDAwLCJ1cGRhdGUiOjEyMDAwMDAwMDAwMH19",
          "dependencies": [
            "module.networking.aws_route_table.NexChange_dev_private_route_table",
            "module.networking.aws_subnet.NexChange_dev_private_subtets",
            "module.networking.aws_vpc.NexChange_dev_vpc_1_sg"
          ]
        },
        {
          "index_key": 1,
          "schema_version": 0,
          "attributes": {
            "gateway_id": "",
            "id": "rtbassoc-08a3a919cd2abde77",
            "route_table_id": "rtb-00cde3023476fd4a2",
            "subnet_id": "subnet-06f158a83ee5b4135",
            "timeouts": null
          },
          "sensitive_attributes": [],
          "private": "eyJlMmJmYjczMC1lY2FhLTExZTYtOGY4OC0zNDM2M2JjN2M0YzAiOnsiY3JlYXRlIjozMDAwMDAwMDAwMDAsImRlbGV0ZSI6MzAwMDAwMDAwMDAwLCJ1cGRhdGUiOjEyMDAwMDAwMDAwMH19",
          "dependencies": [
            "module.networking.aws_route_table.NexChange_dev_private_route_table",
            "module.networking.aws_subnet.NexChange_dev_private_subtets",
            "module.networking.aws_vpc.NexChange_dev_vpc_1_sg"
          ]
        }
      ]
    },
    {
      "module": "module.networking",
      "mode": "managed",
      "type": "aws_route_table_association",
      "name": "NexChange_dev_public_route_table_subnet_association",
      "provider": "provider[\"registry.terraform.io/hashicorp/aws\"]",
      "instances": [
        {
          "index_key": 0,
          "schema_version": 0,
          "attributes": {
            "gateway_id": "",
            "id": "rtbassoc-0eb3fcd598767f062",
            "route_table_id": "rtb-07c18ec17a56adf09",
            "subnet_id": "subnet-0b857427f5f230a33",
            "timeouts": null
          },
          "sensitive_attributes": [],
          "private": "eyJlMmJmYjczMC1lY2FhLTExZTYtOGY4OC0zNDM2M2JjN2M0YzAiOnsiY3JlYXRlIjozMDAwMDAwMDAwMDAsImRlbGV0ZSI6MzAwMDAwMDAwMDAwLCJ1cGRhdGUiOjEyMDAwMDAwMDAwMH19",
          "dependencies": [
            "module.networking.aws_internet_gateway.NexChange_dev_igw",
            "module.networking.aws_route_table.NexChange_dev_public_route_table",
            "module.networking.aws_subnet.NexChange_dev_public_subtets",
            "module.networking.aws_vpc.NexChange_dev_vpc_1_sg"
          ]
        },
        {
          "index_key": 1,
          "schema_version": 0,
          "attributes": {
            "gateway_id": "",
            "id": "rtbassoc-0a8b075bb6a1bc709",
            "route_table_id": "rtb-07c18ec17a56adf09",
            "subnet_id": "subnet-09e7b4d11f77a0593",
            "timeouts": null
          },
          "sensitive_attributes": [],
          "private": "eyJlMmJmYjczMC1lY2FhLTExZTYtOGY4OC0zNDM2M2JjN2M0YzAiOnsiY3JlYXRlIjozMDAwMDAwMDAwMDAsImRlbGV0ZSI6MzAwMDAwMDAwMDAwLCJ1cGRhdGUiOjEyMDAwMDAwMDAwMH19",
          "dependencies": [
            "module.networking.aws_internet_gateway.NexChange_dev_igw",
            "module.networking.aws_route_table.NexChange_dev_public_route_table",
            "module.networking.aws_subnet.NexChange_dev_public_subtets",
            "module.networking.aws_vpc.NexChange_dev_vpc_1_sg"
          ]
        }
      ]
    },
    {
      "module": "module.networking",
      "mode": "managed",
      "type": "aws_subnet",
      "name": "NexChange_dev_private_subtets",
      "provider": "provider[\"registry.terraform.io/hashicorp/aws\"]",
      "instances": [
        {
          "index_key": 0,
          "schema_version": 1,
          "attributes": {
            "arn": "arn:aws:ec2:ap-southeast-1:654654583337:subnet/subnet-0cf889e7130c0b2ca",
            "assign_ipv6_address_on_creation": false,
            "availability_zone": "ap-southeast-1a",
            "availability_zone_id": "apse1-az2",
            "cidr_block": "11.0.3.0/24",
            "customer_owned_ipv4_pool": "",
            "enable_dns64": false,
            "enable_lni_at_device_index": 0,
            "enable_resource_name_dns_a_record_on_launch": false,
            "enable_resource_name_dns_aaaa_record_on_launch": false,
            "id": "subnet-0cf889e7130c0b2ca",
            "ipv6_cidr_block": "",
            "ipv6_cidr_block_association_id": "",
            "ipv6_native": false,
            "map_customer_owned_ip_on_launch": false,
            "map_public_ip_on_launch": false,
            "outpost_arn": "",
            "owner_id": "654654583337",
            "private_dns_hostname_type_on_launch": "ip-name",
            "tags": {
              "Environment": "dev",
              "IsDefault": "true",
              "Name": "NexChange_dev_private_subnet_1"
            },
            "tags_all": {
              "Environment": "dev",
              "IsDefault": "true",
              "Name": "NexChange_dev_private_subnet_1"
            },
            "timeouts": null,
            "vpc_id": "vpc-0ba00ae94c7bef3c4"
          },
          "sensitive_attributes": [],
          "private": "eyJlMmJmYjczMC1lY2FhLTExZTYtOGY4OC0zNDM2M2JjN2M0YzAiOnsiY3JlYXRlIjo2MDAwMDAwMDAwMDAsImRlbGV0ZSI6MTIwMDAwMDAwMDAwMH0sInNjaGVtYV92ZXJzaW9uIjoiMSJ9",
          "dependencies": [
            "module.networking.aws_vpc.NexChange_dev_vpc_1_sg"
          ]
        },
        {
          "index_key": 1,
          "schema_version": 1,
          "attributes": {
            "arn": "arn:aws:ec2:ap-southeast-1:654654583337:subnet/subnet-06f158a83ee5b4135",
            "assign_ipv6_address_on_creation": false,
            "availability_zone": "ap-southeast-1b",
            "availability_zone_id": "apse1-az1",
            "cidr_block": "11.0.4.0/24",
            "customer_owned_ipv4_pool": "",
            "enable_dns64": false,
            "enable_lni_at_device_index": 0,
            "enable_resource_name_dns_a_record_on_launch": false,
            "enable_resource_name_dns_aaaa_record_on_launch": false,
            "id": "subnet-06f158a83ee5b4135",
            "ipv6_cidr_block": "",
            "ipv6_cidr_block_association_id": "",
            "ipv6_native": false,
            "map_customer_owned_ip_on_launch": false,
            "map_public_ip_on_launch": false,
            "outpost_arn": "",
            "owner_id": "654654583337",
            "private_dns_hostname_type_on_launch": "ip-name",
            "tags": {
              "Environment": "dev",
              "IsDefault": "true",
              "Name": "NexChange_dev_private_subnet_2"
            },
            "tags_all": {
              "Environment": "dev",
              "IsDefault": "true",
              "Name": "NexChange_dev_private_subnet_2"
            },
            "timeouts": null,
            "vpc_id": "vpc-0ba00ae94c7bef3c4"
          },
          "sensitive_attributes": [],
          "private": "eyJlMmJmYjczMC1lY2FhLTExZTYtOGY4OC0zNDM2M2JjN2M0YzAiOnsiY3JlYXRlIjo2MDAwMDAwMDAwMDAsImRlbGV0ZSI6MTIwMDAwMDAwMDAwMH0sInNjaGVtYV92ZXJzaW9uIjoiMSJ9",
          "dependencies": [
            "module.networking.aws_vpc.NexChange_dev_vpc_1_sg"
          ]
        }
      ]
    },
    {
      "module": "module.networking",
      "mode": "managed",
      "type": "aws_subnet",
      "name": "NexChange_dev_public_subtets",
      "provider": "provider[\"registry.terraform.io/hashicorp/aws\"]",
      "instances": [
        {
          "index_key": 0,
          "schema_version": 1,
          "attributes": {
            "arn": "arn:aws:ec2:ap-southeast-1:654654583337:subnet/subnet-0b857427f5f230a33",
            "assign_ipv6_address_on_creation": false,
            "availability_zone": "ap-southeast-1a",
            "availability_zone_id": "apse1-az2",
            "cidr_block": "11.0.1.0/24",
            "customer_owned_ipv4_pool": "",
            "enable_dns64": false,
            "enable_lni_at_device_index": 0,
            "enable_resource_name_dns_a_record_on_launch": false,
            "enable_resource_name_dns_aaaa_record_on_launch": false,
            "id": "subnet-0b857427f5f230a33",
            "ipv6_cidr_block": "",
            "ipv6_cidr_block_association_id": "",
            "ipv6_native": false,
            "map_customer_owned_ip_on_launch": false,
            "map_public_ip_on_launch": false,
            "outpost_arn": "",
            "owner_id": "654654583337",
            "private_dns_hostname_type_on_launch": "ip-name",
            "tags": {
              "Environment": "dev",
              "IsDefault": "true",
              "Name": "NexChange_dev_public_subnet_1"
            },
            "tags_all": {
              "Environment": "dev",
              "IsDefault": "true",
              "Name": "NexChange_dev_public_subnet_1"
            },
            "timeouts": null,
            "vpc_id": "vpc-0ba00ae94c7bef3c4"
          },
          "sensitive_attributes": [],
          "private": "eyJlMmJmYjczMC1lY2FhLTExZTYtOGY4OC0zNDM2M2JjN2M0YzAiOnsiY3JlYXRlIjo2MDAwMDAwMDAwMDAsImRlbGV0ZSI6MTIwMDAwMDAwMDAwMH0sInNjaGVtYV92ZXJzaW9uIjoiMSJ9",
          "dependencies": [
            "module.networking.aws_vpc.NexChange_dev_vpc_1_sg"
          ]
        },
        {
          "index_key": 1,
          "schema_version": 1,
          "attributes": {
            "arn": "arn:aws:ec2:ap-southeast-1:654654583337:subnet/subnet-09e7b4d11f77a0593",
            "assign_ipv6_address_on_creation": false,
            "availability_zone": "ap-southeast-1b",
            "availability_zone_id": "apse1-az1",
            "cidr_block": "11.0.2.0/24",
            "customer_owned_ipv4_pool": "",
            "enable_dns64": false,
            "enable_lni_at_device_index": 0,
            "enable_resource_name_dns_a_record_on_launch": false,
            "enable_resource_name_dns_aaaa_record_on_launch": false,
            "id": "subnet-09e7b4d11f77a0593",
            "ipv6_cidr_block": "",
            "ipv6_cidr_block_association_id": "",
            "ipv6_native": false,
            "map_customer_owned_ip_on_launch": false,
            "map_public_ip_on_launch": false,
            "outpost_arn": "",
            "owner_id": "654654583337",
            "private_dns_hostname_type_on_launch": "ip-name",
            "tags": {
              "Environment": "dev",
              "IsDefault": "true",
              "Name": "NexChange_dev_public_subnet_2"
            },
            "tags_all": {
              "Environment": "dev",
              "IsDefault": "true",
              "Name": "NexChange_dev_public_subnet_2"
            },
            "timeouts": null,
            "vpc_id": "vpc-0ba00ae94c7bef3c4"
          },
          "sensitive_attributes": [],
          "private": "eyJlMmJmYjczMC1lY2FhLTExZTYtOGY4OC0zNDM2M2JjN2M0YzAiOnsiY3JlYXRlIjo2MDAwMDAwMDAwMDAsImRlbGV0ZSI6MTIwMDAwMDAwMDAwMH0sInNjaGVtYV92ZXJzaW9uIjoiMSJ9",
          "dependencies": [
            "module.networking.aws_vpc.NexChange_dev_vpc_1_sg"
          ]
        }
      ]
    },
    {
      "module": "module.networking",
      "mode": "managed",
      "type": "aws_vpc",
      "name": "NexChange_dev_vpc_1_sg",
      "provider": "provider[\"registry.terraform.io/hashicorp/aws\"]",
      "instances": [
        {
          "schema_version": 1,
          "attributes": {
            "arn": "arn:aws:ec2:ap-southeast-1:654654583337:vpc/vpc-0ba00ae94c7bef3c4",
            "assign_generated_ipv6_cidr_block": false,
            "cidr_block": "11.0.0.0/16",
            "default_network_acl_id": "acl-043d450f09bf6a791",
            "default_route_table_id": "rtb-06da6cd97ba7239ec",
            "default_security_group_id": "sg-08648e3cc660f14e7",
            "dhcp_options_id": "dopt-05d9f87a583f8fddf",
            "enable_dns_hostnames": true,
            "enable_dns_support": true,
            "enable_network_address_usage_metrics": false,
            "id": "vpc-0ba00ae94c7bef3c4",
            "instance_tenancy": "default",
            "ipv4_ipam_pool_id": null,
            "ipv4_netmask_length": null,
            "ipv6_association_id": "",
            "ipv6_cidr_block": "",
            "ipv6_cidr_block_network_border_group": "",
            "ipv6_ipam_pool_id": "",
            "ipv6_netmask_length": 0,
            "main_route_table_id": "rtb-06da6cd97ba7239ec",
            "owner_id": "654654583337",
            "tags": {
              "Environment": "dev",
              "IsDefault": "true",
              "Name": "Dev-NexChange_vpc_1_sg"
            },
            "tags_all": {
              "Environment": "dev",
              "IsDefault": "true",
              "Name": "Dev-NexChange_vpc_1_sg"
            }
          },
          "sensitive_attributes": [],
          "private": "eyJzY2hlbWFfdmVyc2lvbiI6IjEifQ=="
        }
      ]
    },
    {
      "module": "module.security_group",
      "mode": "managed",
      "type": "aws_security_group",
      "name": "ec2_jenkins_sg_name",
      "provider": "provider[\"registry.terraform.io/hashicorp/aws\"]",
      "instances": [
        {
          "schema_version": 1,
          "attributes": {
            "arn": "arn:aws:ec2:ap-southeast-1:654654583337:security-group/sg-02ede09f4f1bcd09e",
            "description": "Allow port 8080 for jenkins",
            "egress": [],
            "id": "sg-02ede09f4f1bcd09e",
            "ingress": [
              {
                "cidr_blocks": [
                  "0.0.0.0/0"
                ],
                "description": "Allow SSH from anywhere",
                "from_port": 8080,
                "ipv6_cidr_blocks": [],
                "prefix_list_ids": [],
                "protocol": "tcp",
                "security_groups": [],
                "self": false,
                "to_port": 8080
              }
            ],
            "name": "Allow port 8080 for jenkins",
            "name_prefix": "",
            "owner_id": "654654583337",
            "revoke_rules_on_delete": false,
            "tags": {
              "Environment": "dev",
              "IsDefault": "true",
              "Name": "Allow port 8080 for jenkins"
            },
            "tags_all": {
              "Environment": "dev",
              "IsDefault": "true",
              "Name": "Allow port 8080 for jenkins"
            },
            "timeouts": null,
            "vpc_id": "vpc-0ba00ae94c7bef3c4"
          },
          "sensitive_attributes": [],
          "private": "eyJlMmJmYjczMC1lY2FhLTExZTYtOGY4OC0zNDM2M2JjN2M0YzAiOnsiY3JlYXRlIjo2MDAwMDAwMDAwMDAsImRlbGV0ZSI6OTAwMDAwMDAwMDAwfSwic2NoZW1hX3ZlcnNpb24iOiIxIn0=",
          "dependencies": [
            "module.networking.aws_vpc.NexChange_dev_vpc_1_sg"
          ]
        }
      ]
    },
    {
      "module": "module.security_group",
      "mode": "managed",
      "type": "aws_security_group",
      "name": "ec2_sg_ssh_http",
      "provider": "provider[\"registry.terraform.io/hashicorp/aws\"]",
      "instances": [
        {
          "schema_version": 1,
          "attributes": {
            "arn": "arn:aws:ec2:ap-southeast-1:654654583337:security-group/sg-0b1c211d71d987525",
            "description": "Enable the Port 22(SSH) \u0026 Port 80(http)",
            "egress": [
              {
                "cidr_blocks": [
                  "0.0.0.0/0"
                ],
                "description": "Allow outgoing request",
                "from_port": 0,
                "ipv6_cidr_blocks": [],
                "prefix_list_ids": [],
                "protocol": "-1",
                "security_groups": [],
                "self": false,
                "to_port": 0
              }
            ],
            "id": "sg-0b1c211d71d987525",
            "ingress": [
              {
                "cidr_blocks": [
                  "0.0.0.0/0"
                ],
                "description": "Allow HTTP from anywhere",
                "from_port": 80,
                "ipv6_cidr_blocks": [],
                "prefix_list_ids": [],
                "protocol": "tcp",
                "security_groups": [],
                "self": false,
                "to_port": 80
              },
              {
                "cidr_blocks": [
                  "0.0.0.0/0"
                ],
                "description": "Allow HTTPS from anywhere",
                "from_port": 443,
                "ipv6_cidr_blocks": [],
                "prefix_list_ids": [],
                "protocol": "tcp",
                "security_groups": [],
                "self": false,
                "to_port": 443
              },
              {
                "cidr_blocks": [
                  "0.0.0.0/0"
                ],
                "description": "Allow SSH from anywhere",
                "from_port": 22,
                "ipv6_cidr_blocks": [],
                "prefix_list_ids": [],
                "protocol": "tcp",
                "security_groups": [],
                "self": false,
                "to_port": 22
              }
            ],
            "name": "SG for EC2 to enable SSH(22), HTTPS(443) and HTTP(80)",
            "name_prefix": "",
            "owner_id": "654654583337",
            "revoke_rules_on_delete": false,
            "tags": {
              "Environment": "dev",
              "IsDefault": "true",
              "Name": "SG for EC2 to enable SSH(22), HTTPS(443) and HTTP(80)"
            },
            "tags_all": {
              "Environment": "dev",
              "IsDefault": "true",
              "Name": "SG for EC2 to enable SSH(22), HTTPS(443) and HTTP(80)"
            },
            "timeouts": null,
            "vpc_id": "vpc-0ba00ae94c7bef3c4"
          },
          "sensitive_attributes": [],
          "private": "eyJlMmJmYjczMC1lY2FhLTExZTYtOGY4OC0zNDM2M2JjN2M0YzAiOnsiY3JlYXRlIjo2MDAwMDAwMDAwMDAsImRlbGV0ZSI6OTAwMDAwMDAwMDAwfSwic2NoZW1hX3ZlcnNpb24iOiIxIn0=",
          "dependencies": [
            "module.networking.aws_vpc.NexChange_dev_vpc_1_sg"
          ]
        }
      ]
    }
  ],
  "check_results": null
}
